
Microsoft Visual Studio Solution File, Format Version 12.00
# Visual Studio 14
VisualStudioVersion = 14.0.25420.1
MinimumVisualStudioVersion = 10.0.40219.1
Project("{FAE04EC0-301F-11D3-BF4B-00C04F79EFBC}") = "EntityGruber", "EntityGruber\EntityGruber.csproj", "{F3C3314F-A6DA-4B95-9864-D059C9A13870}"
EndProject
Project("{FAE04EC0-301F-11D3-BF4B-00C04F79EFBC}") = "WpfApplication1", "WpfApplication1\WpfApplication1.csproj", "{85C5EFBC-ADF3-4561-8311-C0F0FD7478F2}"
	ProjectSection(ProjectDependencies) = postProject
		{F3C3314F-A6DA-4B95-9864-D059C9A13870} = {F3C3314F-A6DA-4B95-9864-D059C9A13870}
	EndProjectSection
EndProject
Global
	GlobalSection(SolutionConfigurationPlatforms) = preSolution
		Debug|Any CPU = Debug|Any CPU
		Release|Any CPU = Release|Any CPU
	EndGlobalSection
	GlobalSection(ProjectConfigurationPlatforms) = postSolution
		{F3C3314F-A6DA-4B95-9864-D059C9A13870}.Debug|Any CPU.ActiveCfg = Debug|Any CPU
		{F3C3314F-A6DA-4B95-9864-D059C9A13870}.Debug|Any CPU.Build.0 = Debug|Any CPU
		{F3C3314F-A6DA-4B95-9864-D059C9A13870}.Release|Any CPU.ActiveCfg = Release|Any CPU
		{F3C3314F-A6DA-4B95-9864-D059C9A13870}.Release|Any CPU.Build.0 = Release|Any CPU
		{85C5EFBC-ADF3-4561-8311-C0F0FD7478F2}.Debug|Any CPU.ActiveCfg = Debug|Any CPU
		{85C5EFBC-ADF3-4561-8311-C0F0FD7478F2}.Debug|Any CPU.Build.0 = Debug|Any CPU
		{85C5EFBC-ADF3-4561-8311-C0F0FD7478F2}.Release|Any CPU.ActiveCfg = Release|Any CPU
		{85C5EFBC-ADF3-4561-8311-C0F0FD7478F2}.Release|Any CPU.Build.0 = Release|Any CPU
	EndGlobalSection
	GlobalSection(SolutionProperties) = preSolution
		HideSolutionNode = FALSE
	EndGlobalSection
EndGlobal
